
Microsoft Visual Studio Solution File, Format Version 12.00
# Visual Studio 2012
Project("{FAE04EC0-301F-11D3-BF4B-00C04F79EFBC}") = "Rezerwacja_Hotelowa", "Rezerwacja_Hotelowa\Rezerwacja_Hotelowa.csproj", "{4F6F0BF2-1AE2-4D22-A2D2-99954809316A}"
EndProject
Global
	GlobalSection(SolutionConfigurationPlatforms) = preSolution
		Debug|Any CPU = Debug|Any CPU
		Release|Any CPU = Release|Any CPU
	EndGlobalSection
	GlobalSection(ProjectConfigurationPlatforms) = postSolution
		{4F6F0BF2-1AE2-4D22-A2D2-99954809316A}.Debug|Any CPU.ActiveCfg = Debug|Any CPU
		{4F6F0BF2-1AE2-4D22-A2D2-99954809316A}.Debug|Any CPU.Build.0 = Debug|Any CPU
		{4F6F0BF2-1AE2-4D22-A2D2-99954809316A}.Release|Any CPU.ActiveCfg = Release|Any CPU
		{4F6F0BF2-1AE2-4D22-A2D2-99954809316A}.Release|Any CPU.Build.0 = Release|Any CPU
	EndGlobalSection
	GlobalSection(SolutionProperties) = preSolution
		HideSolutionNode = FALSE
	EndGlobalSection
EndGlobal
